
Microsoft Visual Studio Solution File, Format Version 12.00
# Visual Studio Version 17
VisualStudioVersion = 17.0.31717.71
MinimumVisualStudioVersion = 10.0.40219.1
Project("{9A19103F-16F7-4668-BE54-9A1E7A4F7556}") = "MemoryCardGameGenerator.Drawing", "MemoryCardGameGenerator.Drawing\MemoryCardGameGenerator.Drawing.csproj", "{C348A7A5-FD8B-4619-B3B8-26A1A121D90E}"
EndProject
Project("{9A19103F-16F7-4668-BE54-9A1E7A4F7556}") = "MemoryCardGameGenerator.Tests", "MemoryCardGameGenerator.Tests\MemoryCardGameGenerator.Tests.csproj", "{586FFAF5-A74A-4928-A750-F873ABF3024C}"
EndProject
Project("{9A19103F-16F7-4668-BE54-9A1E7A4F7556}") = "MemoryCardGameGenerator.Model", "MemoryCardGameGenerator.Model\MemoryCardGameGenerator.Model.csproj", "{054BD4E3-7C6A-41F3-94DB-DC4F975AB75D}"
EndProject
Project("{9A19103F-16F7-4668-BE54-9A1E7A4F7556}") = "KmipCards.Server", "KmipCards\Server\KmipCards.Server.csproj", "{36B23F5F-2092-4172-96F7-0BBF0018E6D1}"
EndProject
Project("{9A19103F-16F7-4668-BE54-9A1E7A4F7556}") = "KmipCards.Shared", "KmipCards\Shared\KmipCards.Shared.csproj", "{A7D7E0B0-0BCE-47B4-84FE-34550019350D}"
EndProject
Project("{9A19103F-16F7-4668-BE54-9A1E7A4F7556}") = "KmipCards.Api", "Api\KmipCards.Api.csproj", "{68057933-3B79-47F3-891B-325751B2BB03}"
EndProject
Project("{9A19103F-16F7-4668-BE54-9A1E7A4F7556}") = "KmipCards.Client", "KmipCards\Client\KmipCards.Client.csproj", "{AE21A971-C302-4017-B11E-9F68507C6CD7}"
EndProject
Global
	GlobalSection(SolutionConfigurationPlatforms) = preSolution
		Debug|Any CPU = Debug|Any CPU
		Release|Any CPU = Release|Any CPU
	EndGlobalSection
	GlobalSection(ProjectConfigurationPlatforms) = postSolution
		{C348A7A5-FD8B-4619-B3B8-26A1A121D90E}.Debug|Any CPU.ActiveCfg = Debug|Any CPU
		{C348A7A5-FD8B-4619-B3B8-26A1A121D90E}.Debug|Any CPU.Build.0 = Debug|Any CPU
		{C348A7A5-FD8B-4619-B3B8-26A1A121D90E}.Release|Any CPU.ActiveCfg = Release|Any CPU
		{C348A7A5-FD8B-4619-B3B8-26A1A121D90E}.Release|Any CPU.Build.0 = Release|Any CPU
		{586FFAF5-A74A-4928-A750-F873ABF3024C}.Debug|Any CPU.ActiveCfg = Debug|Any CPU
		{586FFAF5-A74A-4928-A750-F873ABF3024C}.Debug|Any CPU.Build.0 = Debug|Any CPU
		{586FFAF5-A74A-4928-A750-F873ABF3024C}.Release|Any CPU.ActiveCfg = Release|Any CPU
		{586FFAF5-A74A-4928-A750-F873ABF3024C}.Release|Any CPU.Build.0 = Release|Any CPU
		{054BD4E3-7C6A-41F3-94DB-DC4F975AB75D}.Debug|Any CPU.ActiveCfg = Debug|Any CPU
		{054BD4E3-7C6A-41F3-94DB-DC4F975AB75D}.Debug|Any CPU.Build.0 = Debug|Any CPU
		{054BD4E3-7C6A-41F3-94DB-DC4F975AB75D}.Release|Any CPU.ActiveCfg = Release|Any CPU
		{054BD4E3-7C6A-41F3-94DB-DC4F975AB75D}.Release|Any CPU.Build.0 = Release|Any CPU
		{36B23F5F-2092-4172-96F7-0BBF0018E6D1}.Debug|Any CPU.ActiveCfg = Debug|Any CPU
		{36B23F5F-2092-4172-96F7-0BBF0018E6D1}.Debug|Any CPU.Build.0 = Debug|Any CPU
		{36B23F5F-2092-4172-96F7-0BBF0018E6D1}.Release|Any CPU.ActiveCfg = Release|Any CPU
		{36B23F5F-2092-4172-96F7-0BBF0018E6D1}.Release|Any CPU.Build.0 = Release|Any CPU
		{A7D7E0B0-0BCE-47B4-84FE-34550019350D}.Debug|Any CPU.ActiveCfg = Debug|Any CPU
		{A7D7E0B0-0BCE-47B4-84FE-34550019350D}.Debug|Any CPU.Build.0 = Debug|Any CPU
		{A7D7E0B0-0BCE-47B4-84FE-34550019350D}.Release|Any CPU.ActiveCfg = Release|Any CPU
		{A7D7E0B0-0BCE-47B4-84FE-34550019350D}.Release|Any CPU.Build.0 = Release|Any CPU
		{68057933-3B79-47F3-891B-325751B2BB03}.Debug|Any CPU.ActiveCfg = Debug|Any CPU
		{68057933-3B79-47F3-891B-325751B2BB03}.Debug|Any CPU.Build.0 = Debug|Any CPU
		{68057933-3B79-47F3-891B-325751B2BB03}.Release|Any CPU.ActiveCfg = Release|Any CPU
		{68057933-3B79-47F3-891B-325751B2BB03}.Release|Any CPU.Build.0 = Release|Any CPU
		{AE21A971-C302-4017-B11E-9F68507C6CD7}.Debug|Any CPU.ActiveCfg = Debug|Any CPU
		{AE21A971-C302-4017-B11E-9F68507C6CD7}.Debug|Any CPU.Build.0 = Debug|Any CPU
		{AE21A971-C302-4017-B11E-9F68507C6CD7}.Release|Any CPU.ActiveCfg = Release|Any CPU
		{AE21A971-C302-4017-B11E-9F68507C6CD7}.Release|Any CPU.Build.0 = Release|Any CPU
	EndGlobalSection
	GlobalSection(SolutionProperties) = preSolution
		HideSolutionNode = FALSE
	EndGlobalSection
	GlobalSection(ExtensibilityGlobals) = postSolution
		SolutionGuid = {2D6E4D4C-4CCF-42BF-B094-D79546EA5957}
	EndGlobalSection
EndGlobal
